
Microsoft Visual Studio Solution File, Format Version 12.00
# Visual Studio Version 16
VisualStudioVersion = 16.0.30517.126
MinimumVisualStudioVersion = 10.0.40219.1
Project("{FAE04EC0-301F-11D3-BF4B-00C04F79EFBC}") = "DataSave", "DataSave.csproj", "{0E997DB6-D9EF-4AB2-A85A-C1C8BC9C2B9A}"
EndProject
Global
	GlobalSection(SolutionConfigurationPlatforms) = preSolution
		Debug|Any CPU = Debug|Any CPU
		Release|Any CPU = Release|Any CPU
	EndGlobalSection
	GlobalSection(ProjectConfigurationPlatforms) = postSolution
		{0E997DB6-D9EF-4AB2-A85A-C1C8BC9C2B9A}.Debug|Any CPU.ActiveCfg = Debug|Any CPU
		{0E997DB6-D9EF-4AB2-A85A-C1C8BC9C2B9A}.Debug|Any CPU.Build.0 = Debug|Any CPU
		{0E997DB6-D9EF-4AB2-A85A-C1C8BC9C2B9A}.Release|Any CPU.ActiveCfg = Release|Any CPU
		{0E997DB6-D9EF-4AB2-A85A-C1C8BC9C2B9A}.Release|Any CPU.Build.0 = Release|Any CPU
	EndGlobalSection
	GlobalSection(SolutionProperties) = preSolution
		HideSolutionNode = FALSE
	EndGlobalSection
	GlobalSection(ExtensibilityGlobals) = postSolution
		SolutionGuid = {4B2EC6E7-A947-4AEC-9382-13BF4DFC18E9}
	EndGlobalSection
EndGlobal
